
Microsoft Visual Studio Solution File, Format Version 12.00
# Visual Studio Version 17
VisualStudioVersion = 17.1.32414.318
MinimumVisualStudioVersion = 10.0.40219.1
Project("{FAE04EC0-301F-11D3-BF4B-00C04F79EFBC}") = "TestRedisClient", "TestRedisClient.csproj", "{CA8C0C99-77D0-4249-A566-1451922DA10E}"
EndProject
Global
	GlobalSection(SolutionConfigurationPlatforms) = preSolution
		Debug|Any CPU = Debug|Any CPU
		Release|Any CPU = Release|Any CPU
	EndGlobalSection
	GlobalSection(ProjectConfigurationPlatforms) = postSolution
		{CA8C0C99-77D0-4249-A566-1451922DA10E}.Debug|Any CPU.ActiveCfg = Debug|Any CPU
		{CA8C0C99-77D0-4249-A566-1451922DA10E}.Debug|Any CPU.Build.0 = Debug|Any CPU
		{CA8C0C99-77D0-4249-A566-1451922DA10E}.Release|Any CPU.ActiveCfg = Release|Any CPU
		{CA8C0C99-77D0-4249-A566-1451922DA10E}.Release|Any CPU.Build.0 = Release|Any CPU
	EndGlobalSection
	GlobalSection(SolutionProperties) = preSolution
		HideSolutionNode = FALSE
	EndGlobalSection
	GlobalSection(ExtensibilityGlobals) = postSolution
		SolutionGuid = {FF50BBD0-F77B-4A43-BCCC-9DDE73C464C8}
	EndGlobalSection
EndGlobal
